
Microsoft Visual Studio Solution File, Format Version 12.00
# Visual Studio 15
VisualStudioVersion = 15.0.28010.2019
MinimumVisualStudioVersion = 10.0.40219.1
Project("{FAE04EC0-301F-11D3-BF4B-00C04F79EFBC}") = "LogicLibrary", "LogicLibrary\LogicLibrary.csproj", "{AB8CAAD2-D498-4F2F-8993-B4DD3688E33B}"
EndProject
Project("{FAE04EC0-301F-11D3-BF4B-00C04F79EFBC}") = "UI", "UI\UI.csproj", "{30FEDA8C-9A14-4A34-8D55-3CEE2622956C}"
EndProject
Global
	GlobalSection(SolutionConfigurationPlatforms) = preSolution
		Debug|Any CPU = Debug|Any CPU
		Release|Any CPU = Release|Any CPU
	EndGlobalSection
	GlobalSection(ProjectConfigurationPlatforms) = postSolution
		{AB8CAAD2-D498-4F2F-8993-B4DD3688E33B}.Debug|Any CPU.ActiveCfg = Debug|Any CPU
		{AB8CAAD2-D498-4F2F-8993-B4DD3688E33B}.Debug|Any CPU.Build.0 = Debug|Any CPU
		{AB8CAAD2-D498-4F2F-8993-B4DD3688E33B}.Release|Any CPU.ActiveCfg = Release|Any CPU
		{AB8CAAD2-D498-4F2F-8993-B4DD3688E33B}.Release|Any CPU.Build.0 = Release|Any CPU
		{30FEDA8C-9A14-4A34-8D55-3CEE2622956C}.Debug|Any CPU.ActiveCfg = Debug|Any CPU
		{30FEDA8C-9A14-4A34-8D55-3CEE2622956C}.Debug|Any CPU.Build.0 = Debug|Any CPU
		{30FEDA8C-9A14-4A34-8D55-3CEE2622956C}.Release|Any CPU.ActiveCfg = Release|Any CPU
		{30FEDA8C-9A14-4A34-8D55-3CEE2622956C}.Release|Any CPU.Build.0 = Release|Any CPU
	EndGlobalSection
	GlobalSection(SolutionProperties) = preSolution
		HideSolutionNode = FALSE
	EndGlobalSection
	GlobalSection(ExtensibilityGlobals) = postSolution
		SolutionGuid = {04BABA64-D4C4-4645-922B-5ED823612EA6}
	EndGlobalSection
EndGlobal
